
Microsoft Visual Studio Solution File, Format Version 12.00
# Visual Studio Version 17
VisualStudioVersion = 17.3.32929.385
MinimumVisualStudioVersion = 10.0.40219.1
Project("{8BC9CEB8-8B4A-11D0-8D11-00A0C91BC942}") = "Practice1_Num1", "Practice1_Num1.vcxproj", "{478F3195-B4EF-4BAA-BE02-D622A784AC92}"
EndProject
Global
	GlobalSection(SolutionConfigurationPlatforms) = preSolution
		Debug|x64 = Debug|x64
		Debug|x86 = Debug|x86
		Release|x64 = Release|x64
		Release|x86 = Release|x86
	EndGlobalSection
	GlobalSection(ProjectConfigurationPlatforms) = postSolution
		{478F3195-B4EF-4BAA-BE02-D622A784AC92}.Debug|x64.ActiveCfg = Debug|x64
		{478F3195-B4EF-4BAA-BE02-D622A784AC92}.Debug|x64.Build.0 = Debug|x64
		{478F3195-B4EF-4BAA-BE02-D622A784AC92}.Debug|x86.ActiveCfg = Debug|Win32
		{478F3195-B4EF-4BAA-BE02-D622A784AC92}.Debug|x86.Build.0 = Debug|Win32
		{478F3195-B4EF-4BAA-BE02-D622A784AC92}.Release|x64.ActiveCfg = Release|x64
		{478F3195-B4EF-4BAA-BE02-D622A784AC92}.Release|x64.Build.0 = Release|x64
		{478F3195-B4EF-4BAA-BE02-D622A784AC92}.Release|x86.ActiveCfg = Release|Win32
		{478F3195-B4EF-4BAA-BE02-D622A784AC92}.Release|x86.Build.0 = Release|Win32
	EndGlobalSection
	GlobalSection(SolutionProperties) = preSolution
		HideSolutionNode = FALSE
	EndGlobalSection
	GlobalSection(ExtensibilityGlobals) = postSolution
		SolutionGuid = {ED8AE8C9-C617-43EF-9E85-7544AD1833A3}
	EndGlobalSection
EndGlobal
